
Microsoft Visual Studio Solution File, Format Version 12.00
# Visual Studio Version 17
VisualStudioVersion = 17.14.36310.24 d17.14
MinimumVisualStudioVersion = 10.0.40219.1
Project("{FAE04EC0-301F-11D3-BF4B-00C04F79EFBC}") = "ManualUpperLowerCaseConverter", "ManualUpperLowerCaseConverter.csproj", "{F59269F6-E810-4CD6-87A4-9BDCED8C5775}"
EndProject
Global
	GlobalSection(SolutionConfigurationPlatforms) = preSolution
		Debug|Any CPU = Debug|Any CPU
		Release|Any CPU = Release|Any CPU
	EndGlobalSection
	GlobalSection(ProjectConfigurationPlatforms) = postSolution
		{F59269F6-E810-4CD6-87A4-9BDCED8C5775}.Debug|Any CPU.ActiveCfg = Debug|Any CPU
		{F59269F6-E810-4CD6-87A4-9BDCED8C5775}.Debug|Any CPU.Build.0 = Debug|Any CPU
		{F59269F6-E810-4CD6-87A4-9BDCED8C5775}.Release|Any CPU.ActiveCfg = Release|Any CPU
		{F59269F6-E810-4CD6-87A4-9BDCED8C5775}.Release|Any CPU.Build.0 = Release|Any CPU
	EndGlobalSection
	GlobalSection(SolutionProperties) = preSolution
		HideSolutionNode = FALSE
	EndGlobalSection
	GlobalSection(ExtensibilityGlobals) = postSolution
		SolutionGuid = {BFD0E137-B523-42B2-84B7-F1A6FD892CDE}
	EndGlobalSection
EndGlobal
